{
  "name": "CS5513-Week02-31-aviratos",
  "version": "1.0.0",
  "lockfileVersion": 1,
  "requires": true,
  "dependencies": {
    "nodeJS": {
      "version": "1.0.0",
      "resolved": "https://registry.npmjs.org/nodeJS/-/nodeJS-1.0.0.tgz",
      "integrity": "sha512-/cnpHDu6VqwGLXOKItFAPsgNbd9oqGkfOABqyoj2MrI7+5Fg68myv6S9WLCsW3jdo471JAYgglWzqfTSyvGEJw=="
    }
  }
}
